{
  "name": "pi-extensions",
  "lockfileVersion": 3,
  "requires": true,
  "packages": {
    "": {
      "name": "pi-extensions",
      "dependencies": {
        "@ryan_nookpi/pi-extension-headroom": "^0.1.2"
      }
    },
    "node_modules/@ryan_nookpi/pi-extension-headroom": {
      "version": "0.1.2",
      "resolved": "https://registry.npmjs.org/@ryan_nookpi/pi-extension-headroom/-/pi-extension-headroom-0.1.2.tgz",
      "integrity": "sha512-OhG0VKBDeSkui3TS6OX5OQvK0QXqk8bgsES3GaHyG/kzn/TEBpm8tgMxNv3VmwFMP37X8Vdcls/GJVgH52Qz5w==",
      "license": "MIT",
      "peerDependencies": {
        "@earendil-works/pi-ai": "*",
        "@earendil-works/pi-coding-agent": "*"
      },
      "peerDependenciesMeta": {
        "@earendil-works/pi-ai": {
          "optional": true
        },
        "@earendil-works/pi-coding-agent": {
          "optional": true
        }
      }
    }
  }
}
